// !$*UTF8*$!
{
	archiveVersion = 1;
	classes = {
	};
	objectVersion = 51;
	objects = {

/* Begin PBXBuildFile section */
		51146BAD6CBBD64015803F98 /* Pods_Locksmith_Demo.framework in Frameworks */ = {isa = PBXBuildFile; fileRef = 04EE77B0C533E35CCA6D67FF /* Pods_Locksmith_Demo.framework */; };
		5484336B24C062AE003B9C70 /* AppDelegate.swift in Sources */ = {isa = PBXBuildFile; fileRef = 5484336A24C062AE003B9C70 /* AppDelegate.swift */; };
		5484336D24C062AE003B9C70 /* ViewController.swift in Sources */ = {isa = PBXBuildFile; fileRef = 5484336C24C062AE003B9C70 /* ViewController.swift */; };
		5484337024C062AE003B9C70 /* Main.storyboard in Resources */ = {isa = PBXBuildFile; fileRef = 5484336E24C062AE003B9C70 /* Main.storyboard */; };
		5484337224C062B0003B9C70 /* Assets.xcassets in Resources */ = {isa = PBXBuildFile; fileRef = 5484337124C062B0003B9C70 /* Assets.xcassets */; };
		5484337524C062B1003B9C70 /* LaunchScreen.storyboard in Resources */ = {isa = PBXBuildFile; fileRef = 5484337324C062B1003B9C70 /* LaunchScreen.storyboard */; };
/* End PBXBuildFile section */

/* Begin PBXFileReference section */
		04EE77B0C533E35CCA6D67FF /* Pods_Locksmith_Demo.framework */ = {isa = PBXFileReference; explicitFileType = wrapper.framework; includeInIndex = 0; path = Pods_Locksmith_Demo.framework; sourceTree = BUILT_PRODUCTS_DIR; };
		5484336724C062AE003B9C70 /* Locksmith Demo.app */ = {isa = PBXFileReference; explicitFileType = wrapper.application; includeInIndex = 0; path = "Locksmith Demo.app"; sourceTree = BUILT_PRODUCTS_DIR; };
		5484336A24C062AE003B9C70 /* AppDelegate.swift */ = {isa = PBXFileReference; lastKnownFileType = sourcecode.swift; path = AppDelegate.swift; sourceTree = "<group>"; };
		5484336C24C062AE003B9C70 /* ViewController.swift */ = {isa = PBXFileReference; lastKnownFileType = sourcecode.swift; path = ViewController.swift; sourceTree = "<group>"; };
		5484336F24C062AE003B9C70 /* Base */ = {isa = PBXFileReference; lastKnownFileType = file.storyboard; name = Base; path = Base.lproj/Main.storyboard; sourceTree = "<group>"; };
		5484337124C062B0003B9C70 /* Assets.xcassets */ = {isa = PBXFileReference; lastKnownFileType = folder.assetcatalog; path = Assets.xcassets; sourceTree = "<group>"; };
		5484337424C062B1003B9C70 /* Base */ = {isa = PBXFileReference; lastKnownFileType = file.storyboard; name = Base; path = Base.lproj/LaunchScreen.storyboard; sourceTree = "<group>"; };
		5484337624C062B1003B9C70 /* Info.plist */ = {isa = PBXFileReference; lastKnownFileType = text.plist.xml; path = Info.plist; sourceTree = "<group>"; };
		6B0E393BA2CC9B06B4C75B14 /* Pods-Locksmith Demo.release.xcconfig */ = {isa = PBXFileReference; includeInIndex = 1; lastKnownFileType = text.xcconfig; name = "Pods-Locksmith Demo.release.xcconfig"; path = "Target Support Files/Pods-Locksmith Demo/Pods-Locksmith Demo.release.xcconfig"; sourceTree = "<group>"; };
		8818A2C6776983407EEBBC88 /* Pods-Locksmith Demo.debug.xcconfig */ = {isa = PBXFileReference; includeInIndex = 1; lastKnownFileType = text.xcconfig; name = "Pods-Locksmith Demo.debug.xcconfig"; path = "Target Support Files/Pods-Locksmith Demo/Pods-Locksmith Demo.debug.xcconfig"; sourceTree = "<group>"; };
/* End PBXFileReference section */

/* Begin PBXFrameworksBuildPhase section */
		5484336424C062AE003B9C70 /* Frameworks */ = {
			isa = PBXFrameworksBuildPhase;
			buildActionMask = 2147483647;
			files = (
				51146BAD6CBBD64015803F98 /* Pods_Locksmith_Demo.framework in Frameworks */,
			);
			runOnlyForDeploymentPostprocessing = 0;
		};
/* End PBXFrameworksBuildPhase section */

/* Begin PBXGroup section */
		20849D4528322623303907EE /* Pods */ = {
			isa = PBXGroup;
			children = (
				8818A2C6776983407EEBBC88 /* Pods-Locksmith Demo.debug.xcconfig */,
				6B0E393BA2CC9B06B4C75B14 /* Pods-Locksmith Demo.release.xcconfig */,
			);
			path = Pods;
			sourceTree = "<group>";
		};
		283D2F8924419FB411EAF4AC /* Frameworks */ = {
			isa = PBXGroup;
			children = (
				04EE77B0C533E35CCA6D67FF /* Pods_Locksmith_Demo.framework */,
			);
			name = Frameworks;
			sourceTree = "<group>";
		};
		5484335E24C062AE003B9C70 = {
			isa = PBXGroup;
			children = (
				5484336924C062AE003B9C70 /* Locksmith Demo */,
				5484336824C062AE003B9C70 /* Products */,
				20849D4528322623303907EE /* Pods */,
				283D2F8924419FB411EAF4AC /* Frameworks */,
			);
			sourceTree = "<group>";
		};
		5484336824C062AE003B9C70 /* Products */ = {
			isa = PBXGroup;
			children = (
				5484336724C062AE003B9C70 /* Locksmith Demo.app */,
			);
			name = Products;
			sourceTree = "<group>";
		};
		5484336924C062AE003B9C70 /* Locksmith Demo */ = {
			isa = PBXGroup;
			children = (
				5484336A24C062AE003B9C70 /* AppDelegate.swift */,
				5484336C24C062AE003B9C70 /* ViewController.swift */,
				5484336E24C062AE003B9C70 /* Main.storyboard */,
				5484337124C062B0003B9C70 /* Assets.xcassets */,
				5484337324C062B1003B9C70 /* LaunchScreen.storyboard */,
				5484337624C062B1003B9C70 /* Info.plist */,
			);
			path = "Locksmith Demo";
			sourceTree = "<group>";
		};
/* End PBXGroup section */

/* Begin PBXNativeTarget section */
		5484336624C062AE003B9C70 /* Locksmith Demo */ = {
			isa = PBXNativeTarget;
			buildConfigurationList = 5484337924C062B1003B9C70 /* Build configuration list for PBXNativeTarget "Locksmith Demo" */;
			buildPhases = (
				C5BCAE056309C37EDED0D1F4 /* [CP] Check Pods Manifest.lock */,
				5484336324C062AE003B9C70 /* Sources */,
				5484336424C062AE003B9C70 /* Frameworks */,
				5484336524C062AE003B9C70 /* Resources */,
				4DADEC7BD08A7620E4A69EFD /* [CP] Embed Pods Frameworks */,
			);
			buildRules = (
			);
			dependencies = (
			);
			name = "Locksmith Demo";
			productName = "Locksmith Demo";
			productReference = 5484336724C062AE003B9C70 /* Locksmith Demo.app */;
			productType = "com.apple.product-type.application";
		};
/* End PBXNativeTarget section */

/* Begin PBXProject section */
		5484335F24C062AE003B9C70 /* Project object */ = {
			isa = PBXProject;
			attributes = {
				LastSwiftUpdateCheck = 1030;
				LastUpgradeCheck = 1030;
				ORGANIZATIONNAME = Mariam;
				TargetAttributes = {
					5484336624C062AE003B9C70 = {
						CreatedOnToolsVersion = 10.3;
					};
				};
			};
			buildConfigurationList = 5484336224C062AE003B9C70 /* Build configuration list for PBXProject "Locksmith Demo" */;
			compatibilityVersion = "Xcode 9.3";
			developmentRegion = en;
			hasScannedForEncodings = 0;
			knownRegions = (
				en,
				Base,
			);
			mainGroup = 5484335E24C062AE003B9C70;
			productRefGroup = 5484336824C062AE003B9C70 /* Products */;
			projectDirPath = "";
			projectRoot = "";
			targets = (
				5484336624C062AE003B9C70 /* Locksmith Demo */,
			);
		};
/* End PBXProject section */

/* Begin PBXResourcesBuildPhase section */
		5484336524C062AE003B9C70 /* Resources */ = {
			isa = PBXResourcesBuildPhase;
			buildActionMask = 2147483647;
			files = (
				5484337524C062B1003B9C70 /* LaunchScreen.storyboard in Resources */,
				5484337224C062B0003B9C70 /* Assets.xcassets in Resources */,
				5484337024C062AE003B9C70 /* Main.storyboard in Resources */,
			);
			runOnlyForDeploymentPostprocessing = 0;
		};
/* End PBXResourcesBuildPhase section */

/* Begin PBXShellScriptBuildPhase section */
		4DADEC7BD08A7620E4A69EFD /* [CP] Embed Pods Frameworks */ = {
			isa = PBXShellScriptBuildPhase;
			buildActionMask = 2147483647;
			files = (
			);
			inputFileListPaths = (
				"${PODS_ROOT}/Target Support Files/Pods-Locksmith Demo/Pods-Locksmith Demo-frameworks-${CONFIGURATION}-input-files.xcfilelist",
			);
			name = "[CP] Embed Pods Frameworks";
			outputFileListPaths = (
				"${PODS_ROOT}/Target Support Files/Pods-Locksmith Demo/Pods-Locksmith Demo-frameworks-${CONFIGURATION}-output-files.xcfilelist",
			);
			runOnlyForDeploymentPostprocessing = 0;
			shellPath = /bin/sh;
			shellScript = "\"${PODS_ROOT}/Target Support Files/Pods-Locksmith Demo/Pods-Locksmith Demo-frameworks.sh\"\n";
			showEnvVarsInLog = 0;
		};
		C5BCAE056309C37EDED0D1F4 /* [CP] Check Pods Manifest.lock */ = {
			isa = PBXShellScriptBuildPhase;
			buildActionMask = 2147483647;
			files = (
			);
			inputFileListPaths = (
			);
			inputPaths = (
				"${PODS_PODFILE_DIR_PATH}/Podfile.lock",
				"${PODS_ROOT}/Manifest.lock",
			);
			name = "[CP] Check Pods Manifest.lock";
			outputFileListPaths = (
			);
			outputPaths = (
				"$(DERIVED_FILE_DIR)/Pods-Locksmith Demo-checkManifestLockResult.txt",
			);
			runOnlyForDeploymentPostprocessing = 0;
			shellPath = /bin/sh;
			shellScript = "diff \"${PODS_PODFILE_DIR_PATH}/Podfile.lock\" \"${PODS_ROOT}/Manifest.lock\" > /dev/null\nif [ $? != 0 ] ; then\n    # print error to STDERR\n    echo \"error: The sandbox is not in sync with the Podfile.lock. Run 'pod install' or update your CocoaPods installation.\" >&2\n    exit 1\nfi\n# This output is used by Xcode 'outputs' to avoid re-running this script phase.\necho \"SUCCESS\" > \"${SCRIPT_OUTPUT_FILE_0}\"\n";
			showEnvVarsInLog = 0;
		};
/* End PBXShellScriptBuildPhase section */

/* Begin PBXSourcesBuildPhase section */
		5484336324C062AE003B9C70 /* Sources */ = {
			isa = PBXSourcesBuildPhase;
			buildActionMask = 2147483647;
			files = (
				5484336D24C062AE003B9C70 /* ViewController.swift in Sources */,
				5484336B24C062AE003B9C70 /* AppDelegate.swift in Sources */,
			);
			runOnlyForDeploymentPostprocessing = 0;
		};
/* End PBXSourcesBuildPhase section */

/* Begin PBXVariantGroup section */
		5484336E24C062AE003B9C70 /* Main.storyboard */ = {
			isa = PBXVariantGroup;
			children = (
				5484336F24C062AE003B9C70 /* Base */,
			);
			name = Main.storyboard;
			sourceTree = "<group>";
		};
		5484337324C062B1003B9C70 /* LaunchScreen.storyboard */ = {
			isa = PBXVariantGroup;
			children = (
				5484337424C062B1003B9C70 /* Base */,
			);
			name = LaunchScreen.storyboard;
			sourceTree = "<group>";
		};
/* End PBXVariantGroup section */

/* Begin XCBuildConfiguration section */
		5484337724C062B1003B9C70 /* Debug */ = {
			isa = XCBuildConfiguration;
			buildSettings = {
				ALWAYS_SEARCH_USER_PATHS = NO;
				CLANG_ANALYZER_NONNULL = YES;
				CLANG_ANALYZER_NUMBER_OBJECT_CONVERSION = YES_AGGRESSIVE;
				CLANG_CXX_LANGUAGE_STANDARD = "gnu++14";
				CLANG_CXX_LIBRARY = "libc++";
				CLANG_ENABLE_MODULES = YES;
				CLANG_ENABLE_OBJC_ARC = YES;
				CLANG_ENABLE_OBJC_WEAK = YES;
				CLANG_WARN_BLOCK_CAPTURE_AUTORELEASING = YES;
				CLANG_WARN_BOOL_CONVERSION = YES;
				CLANG_WARN_COMMA = YES;
				CLANG_WARN_CONSTANT_CONVERSION = YES;
				CLANG_WARN_DEPRECATED_OBJC_IMPLEMENTATIONS = YES;
				CLANG_WARN_DIRECT_OBJC_ISA_USAGE = YES_ERROR;
				CLANG_WARN_DOCUMENTATION_COMMENTS = YES;
				CLANG_WARN_EMPTY_BODY = YES;
				CLANG_WARN_ENUM_CONVERSION = YES;
				CLANG_WARN_INFINITE_RECURSION = YES;
				CLANG_WARN_INT_CONVERSION = YES;
				CLANG_WARN_NON_LITERAL_NULL_CONVERSION = YES;
				CLANG_WARN_OBJC_IMPLICIT_RETAIN_SELF = YES;
				CLANG_WARN_OBJC_LITERAL_CONVERSION = YES;
				CLANG_WARN_OBJC_ROOT_CLASS = YES_ERROR;
				CLANG_WARN_RANGE_LOOP_ANALYSIS = YES;
				CLANG_WARN_STRICT_PROTOTYPES = YES;
				CLANG_WARN_SUSPICIOUS_MOVE = YES;
				CLANG_WARN_UNGUARDED_AVAILABILITY = YES_AGGRESSIVE;
				CLANG_WARN_UNREACHABLE_CODE = YES;
				CLANG_WARN__DUPLICATE_METHOD_MATCH = YES;
				CODE_SIGN_IDENTITY = "iPhone Developer";
				COPY_PHASE_STRIP = NO;
				DEBUG_INFORMATION_FORMAT = dwarf;
				ENABLE_STRICT_OBJC_MSGSEND = YES;
				ENABLE_TESTABILITY = YES;
				GCC_C_LANGUAGE_STANDARD = gnu11;
				GCC_DYNAMIC_NO_PIC = NO;
				GCC_NO_COMMON_BLOCKS = YES;
				GCC_OPTIMIZATION_LEVEL = 0;
				GCC_PREPROCESSOR_DEFINITIONS = (
					"DEBUG=1",
					"$(inherited)",
				);
				GCC_WARN_64_TO_32_BIT_CONVERSION = YES;
				GCC_WARN_ABOUT_RETURN_TYPE = YES_ERROR;
				GCC_WARN_UNDECLARED_SELECTOR = YES;
				GCC_WARN_UNINITIALIZED_AUTOS = YES_AGGRESSIVE;
				GCC_WARN_UNUSED_FUNCTION = YES;
				GCC_WARN_UNUSED_VARIABLE = YES;
				IPHONEOS_DEPLOYMENT_TARGET = 12.4;
				MTL_ENABLE_DEBUG_INFO = INCLUDE_SOURCE;
				MTL_FAST_MATH = YES;
				ONLY_ACTIVE_ARCH = YES;
				SDKROOT = iphoneos;
				SWIFT_ACTIVE_COMPILATION_CONDITIONS = DEBUG;
				SWIFT_OPTIMIZATION_LEVEL = "-Onone";
			};
			name = Debug;
		};
		5484337824C062B1003B9C70 /* Release */ = {
			isa = XCBuildConfiguration;
			buildSettings = {
				ALWAYS_SEARCH_USER_PATHS = NO;
				CLANG_ANALYZER_NONNULL = YES;
				CLANG_ANALYZER_NUMBER_OBJECT_CONVERSION = YES_AGGRESSIVE;
				CLANG_CXX_LANGUAGE_STANDARD = "gnu++14";
				CLANG_CXX_LIBRARY = "libc++";
				CLANG_ENABLE_MODULES = YES;
				CLANG_ENABLE_OBJC_ARC = YES;
				CLANG_ENABLE_OBJC_WEAK = YES;
				CLANG_WARN_BLOCK_CAPTURE_AUTORELEASING = YES;
				CLANG_WARN_BOOL_CONVERSION = YES;
				CLANG_WARN_COMMA = YES;
				CLANG_WARN_CONSTANT_CONVERSION = YES;
				CLANG_WARN_DEPRECATED_OBJC_IMPLEMENTATIONS = YES;
				CLANG_WARN_DIRECT_OBJC_ISA_USAGE = YES_ERROR;
				CLANG_WARN_DOCUMENTATION_COMMENTS = YES;
				CLANG_WARN_EMPTY_BODY = YES;
				CLANG_WARN_ENUM_CONVERSION = YES;
				CLANG_WARN_INFINITE_RECURSION = YES;
				CLANG_WARN_INT_CONVERSION = YES;
				CLANG_WARN_NON_LITERAL_NULL_CONVERSION = YES;
				CLANG_WARN_OBJC_IMPLICIT_RETAIN_SELF = YES;
				CLANG_WARN_OBJC_LITERAL_CONVERSION = YES;
				CLANG_WARN_OBJC_ROOT_CLASS = YES_ERROR;
				CLANG_WARN_RANGE_LOOP_ANALYSIS = YES;
				CLANG_WARN_STRICT_PROTOTYPES = YES;
				CLANG_WARN_SUSPICIOUS_MOVE = YES;
				CLANG_WARN_UNGUARDED_AVAILABILITY = YES_AGGRESSIVE;
				CLANG_WARN_UNREACHABLE_CODE = YES;
				CLANG_WARN__DUPLICATE_METHOD_MATCH = YES;
				CODE_SIGN_IDENTITY = "iPhone Developer";
				COPY_PHASE_STRIP = NO;
				DEBUG_INFORMATION_FORMAT = "dwarf-with-dsym";
				ENABLE_NS_ASSERTIONS = NO;
				ENABLE_STRICT_OBJC_MSGSEND = YES;
				GCC_C_LANGUAGE_STANDARD = gnu11;
				GCC_NO_COMMON_BLOCKS = YES;
				GCC_WARN_64_TO_32_BIT_CONVERSION = YES;
				GCC_WARN_ABOUT_RETURN_TYPE = YES_ERROR;
				GCC_WARN_UNDECLARED_SELECTOR = YES;
				GCC_WARN_UNINITIALIZED_AUTOS = YES_AGGRESSIVE;
				GCC_WARN_UNUSED_FUNCTION = YES;
				GCC_WARN_UNUSED_VARIABLE = YES;
				IPHONEOS_DEPLOYMENT_TARGET = 12.4;
				MTL_ENABLE_DEBUG_INFO = NO;
				MTL_FAST_MATH = YES;
				SDKROOT = iphoneos;
				SWIFT_COMPILATION_MODE = wholemodule;
				SWIFT_OPTIMIZATION_LEVEL = "-O";
				VALIDATE_PRODUCT = YES;
			};
			name = Release;
		};
		5484337A24C062B1003B9C70 /* Debug */ = {
			isa = XCBuildConfiguration;
			baseConfigurationReference = 8818A2C6776983407EEBBC88 /* Pods-Locksmith Demo.debug.xcconfig */;
			buildSettings = {
				ASSETCATALOG_COMPILER_APPICON_NAME = AppIcon;
				CODE_SIGN_STYLE = Automatic;
				INFOPLIST_FILE = "Locksmith Demo/Info.plist";
				LD_RUNPATH_SEARCH_PATHS = (
					"$(inherited)",
					"@executable_path/Frameworks",
				);
				PRODUCT_BUNDLE_IDENTIFIER = "com.design.Locksmith-Demo";
				PRODUCT_NAME = "$(TARGET_NAME)";
				SWIFT_VERSION = 4.2;
				TARGETED_DEVICE_FAMILY = "1,2";
			};
			name = Debug;
		};
		5484337B24C062B1003B9C70 /* Release */ = {
			isa = XCBuildConfiguration;
			baseConfigurationReference = 6B0E393BA2CC9B06B4C75B14 /* Pods-Locksmith Demo.release.xcconfig */;
			buildSettings = {
				ASSETCATALOG_COMPILER_APPICON_NAME = AppIcon;
				CODE_SIGN_STYLE = Automatic;
				INFOPLIST_FILE = "Locksmith Demo/Info.plist";
				LD_RUNPATH_SEARCH_PATHS = (
					"$(inherited)",
					"@executable_path/Frameworks",
				);
				PRODUCT_BUNDLE_IDENTIFIER = "com.design.Locksmith-Demo";
				PRODUCT_NAME = "$(TARGET_NAME)";
				SWIFT_VERSION = 4.2;
				TARGETED_DEVICE_FAMILY = "1,2";
			};
			name = Release;
		};
/* End XCBuildConfiguration section */

/* Begin XCConfigurationList section */
		5484336224C062AE003B9C70 /* Build configuration list for PBXProject "Locksmith Demo" */ = {
			isa = XCConfigurationList;
			buildConfigurations = (
				5484337724C062B1003B9C70 /* Debug */,
				5484337824C062B1003B9C70 /* Release */,
			);
			defaultConfigurationIsVisible = 0;
			defaultConfigurationName = Release;
		};
		5484337924C062B1003B9C70 /* Build configuration list for PBXNativeTarget "Locksmith Demo" */ = {
			isa = XCConfigurationList;
			buildConfigurations = (
				5484337A24C062B1003B9C70 /* Debug */,
				5484337B24C062B1003B9C70 /* Release */,
			);
			defaultConfigurationIsVisible = 0;
			defaultConfigurationName = Release;
		};
/* End XCConfigurationList section */
	};
	rootObject = 5484335F24C062AE003B9C70 /* Project object */;
}
